
Microsoft Visual Studio Solution File, Format Version 12.00
# 
Project("{F2A71F9B-5D33-465A-A702-920D77279786}") = "Year2022", "Year2022\Year2022.fsproj", "{6F13E875-CD51-4540-A949-C2FE024676FB}"
EndProject
Project("{F2A71F9B-5D33-465A-A702-920D77279786}") = "Common", "Common\Common.fsproj", "{1F6E37F2-438A-448C-AAF1-E940A2B47439}"
EndProject
Project("{F2A71F9B-5D33-465A-A702-920D77279786}") = "CLI", "CLI\CLI.fsproj", "{18BE6DE3-A1B8-4A3A-BC96-A6BF1AD8A77D}"
EndProject
Global
	GlobalSection(SolutionConfigurationPlatforms) = preSolution
		Debug|Any CPU = Debug|Any CPU
		Release|Any CPU = Release|Any CPU
	EndGlobalSection
	GlobalSection(ProjectConfigurationPlatforms) = postSolution
		{6F13E875-CD51-4540-A949-C2FE024676FB}.Debug|Any CPU.ActiveCfg = Debug|Any CPU
		{6F13E875-CD51-4540-A949-C2FE024676FB}.Debug|Any CPU.Build.0 = Debug|Any CPU
		{6F13E875-CD51-4540-A949-C2FE024676FB}.Release|Any CPU.ActiveCfg = Release|Any CPU
		{6F13E875-CD51-4540-A949-C2FE024676FB}.Release|Any CPU.Build.0 = Release|Any CPU
		{1F6E37F2-438A-448C-AAF1-E940A2B47439}.Debug|Any CPU.ActiveCfg = Debug|Any CPU
		{1F6E37F2-438A-448C-AAF1-E940A2B47439}.Debug|Any CPU.Build.0 = Debug|Any CPU
		{1F6E37F2-438A-448C-AAF1-E940A2B47439}.Release|Any CPU.ActiveCfg = Release|Any CPU
		{1F6E37F2-438A-448C-AAF1-E940A2B47439}.Release|Any CPU.Build.0 = Release|Any CPU
		{18BE6DE3-A1B8-4A3A-BC96-A6BF1AD8A77D}.Debug|Any CPU.ActiveCfg = Debug|Any CPU
		{18BE6DE3-A1B8-4A3A-BC96-A6BF1AD8A77D}.Debug|Any CPU.Build.0 = Debug|Any CPU
		{18BE6DE3-A1B8-4A3A-BC96-A6BF1AD8A77D}.Release|Any CPU.ActiveCfg = Release|Any CPU
		{18BE6DE3-A1B8-4A3A-BC96-A6BF1AD8A77D}.Release|Any CPU.Build.0 = Release|Any CPU
	EndGlobalSection
EndGlobal
